
Microsoft Visual Studio Solution File, Format Version 12.00
# Visual Studio 14
VisualStudioVersion = 14.0.25420.1
MinimumVisualStudioVersion = 10.0.40219.1
Project("{2150E333-8FDC-42A3-9474-1A3956D46DE8}") = "week1", "week1", "{C3B756AC-35ED-45A6-A37B-D18AC07D8DF3}"
EndProject
Project("{FAE04EC0-301F-11D3-BF4B-00C04F79EFBC}") = "APlusB", "APlusB\APlusB.csproj", "{B0CF64B6-7ADF-4CC9-9766-C13D25FC83D7}"
EndProject
Project("{FAE04EC0-301F-11D3-BF4B-00C04F79EFBC}") = "MaxPairwiseProduct", "MaxPairwiseProduct\MaxPairwiseProduct.csproj", "{F4214D17-CC50-4AF1-BB4B-BDBDFC76D1BC}"
EndProject
Project("{FAE04EC0-301F-11D3-BF4B-00C04F79EFBC}") = "MaxPairwiseProduct.Test", "MaxPairwiseProduct.Test\MaxPairwiseProduct.Test.csproj", "{97CAD2D2-DC2D-457A-A660-CAF03B192C20}"
EndProject
Project("{2150E333-8FDC-42A3-9474-1A3956D46DE8}") = "week2", "week2", "{FA93C3C8-FFAA-413A-8348-AE8F9F55733E}"
EndProject
Project("{FAE04EC0-301F-11D3-BF4B-00C04F79EFBC}") = "Fibonacci.Test", "Fibonacci.Test\Fibonacci.Test.csproj", "{A6329F18-7D8A-420F-A880-6677C2DF8438}"
EndProject
Project("{FAE04EC0-301F-11D3-BF4B-00C04F79EFBC}") = "Fibonacci", "Fibonacci\Fibonacci.csproj", "{C50F75A5-B490-46B6-A69C-4098C0F8D5BF}"
EndProject
Project("{FAE04EC0-301F-11D3-BF4B-00C04F79EFBC}") = "FibonacciLastDigit", "FibonacciLastDigit\FibonacciLastDigit.csproj", "{00F491AE-B64F-4C83-9EB6-283AB3544A2D}"
EndProject
Project("{FAE04EC0-301F-11D3-BF4B-00C04F79EFBC}") = "GreatestCommonDivisor", "GreatestCommonDivisor\GreatestCommonDivisor.csproj", "{531C1E3D-2D9F-41C6-A413-3E45469E0722}"
EndProject
Project("{FAE04EC0-301F-11D3-BF4B-00C04F79EFBC}") = "GreatestCommonDivisor.Test", "GreatestCommonDivisor.Test\GreatestCommonDivisor.Test.csproj", "{44F836BC-BF68-4818-B17C-2618F1C374A4}"
EndProject
Project("{FAE04EC0-301F-11D3-BF4B-00C04F79EFBC}") = "LeastCommonMultiple", "LeastCommonMultiple\LeastCommonMultiple.csproj", "{D7DB1D64-086E-4AA4-BCAB-C4ECD744F3AE}"
EndProject
Project("{FAE04EC0-301F-11D3-BF4B-00C04F79EFBC}") = "LeastCommonMultiple.Test", "LeastCommonMultiple.Test\LeastCommonMultiple.Test.csproj", "{058FEB94-7EE3-438E-B217-DD4774ECDF30}"
EndProject
Global
	GlobalSection(SolutionConfigurationPlatforms) = preSolution
		Debug|Any CPU = Debug|Any CPU
		Release|Any CPU = Release|Any CPU
	EndGlobalSection
	GlobalSection(ProjectConfigurationPlatforms) = postSolution
		{B0CF64B6-7ADF-4CC9-9766-C13D25FC83D7}.Debug|Any CPU.ActiveCfg = Debug|Any CPU
		{B0CF64B6-7ADF-4CC9-9766-C13D25FC83D7}.Debug|Any CPU.Build.0 = Debug|Any CPU
		{B0CF64B6-7ADF-4CC9-9766-C13D25FC83D7}.Release|Any CPU.ActiveCfg = Release|Any CPU
		{B0CF64B6-7ADF-4CC9-9766-C13D25FC83D7}.Release|Any CPU.Build.0 = Release|Any CPU
		{F4214D17-CC50-4AF1-BB4B-BDBDFC76D1BC}.Debug|Any CPU.ActiveCfg = Debug|Any CPU
		{F4214D17-CC50-4AF1-BB4B-BDBDFC76D1BC}.Debug|Any CPU.Build.0 = Debug|Any CPU
		{F4214D17-CC50-4AF1-BB4B-BDBDFC76D1BC}.Release|Any CPU.ActiveCfg = Release|Any CPU
		{F4214D17-CC50-4AF1-BB4B-BDBDFC76D1BC}.Release|Any CPU.Build.0 = Release|Any CPU
		{97CAD2D2-DC2D-457A-A660-CAF03B192C20}.Debug|Any CPU.ActiveCfg = Debug|Any CPU
		{97CAD2D2-DC2D-457A-A660-CAF03B192C20}.Debug|Any CPU.Build.0 = Debug|Any CPU
		{97CAD2D2-DC2D-457A-A660-CAF03B192C20}.Release|Any CPU.ActiveCfg = Release|Any CPU
		{97CAD2D2-DC2D-457A-A660-CAF03B192C20}.Release|Any CPU.Build.0 = Release|Any CPU
		{A6329F18-7D8A-420F-A880-6677C2DF8438}.Debug|Any CPU.ActiveCfg = Debug|Any CPU
		{A6329F18-7D8A-420F-A880-6677C2DF8438}.Debug|Any CPU.Build.0 = Debug|Any CPU
		{A6329F18-7D8A-420F-A880-6677C2DF8438}.Release|Any CPU.ActiveCfg = Release|Any CPU
		{A6329F18-7D8A-420F-A880-6677C2DF8438}.Release|Any CPU.Build.0 = Release|Any CPU
		{C50F75A5-B490-46B6-A69C-4098C0F8D5BF}.Debug|Any CPU.ActiveCfg = Debug|Any CPU
		{C50F75A5-B490-46B6-A69C-4098C0F8D5BF}.Debug|Any CPU.Build.0 = Debug|Any CPU
		{C50F75A5-B490-46B6-A69C-4098C0F8D5BF}.Release|Any CPU.ActiveCfg = Release|Any CPU
		{C50F75A5-B490-46B6-A69C-4098C0F8D5BF}.Release|Any CPU.Build.0 = Release|Any CPU
		{00F491AE-B64F-4C83-9EB6-283AB3544A2D}.Debug|Any CPU.ActiveCfg = Debug|Any CPU
		{00F491AE-B64F-4C83-9EB6-283AB3544A2D}.Debug|Any CPU.Build.0 = Debug|Any CPU
		{00F491AE-B64F-4C83-9EB6-283AB3544A2D}.Release|Any CPU.ActiveCfg = Release|Any CPU
		{00F491AE-B64F-4C83-9EB6-283AB3544A2D}.Release|Any CPU.Build.0 = Release|Any CPU
		{531C1E3D-2D9F-41C6-A413-3E45469E0722}.Debug|Any CPU.ActiveCfg = Debug|Any CPU
		{531C1E3D-2D9F-41C6-A413-3E45469E0722}.Debug|Any CPU.Build.0 = Debug|Any CPU
		{531C1E3D-2D9F-41C6-A413-3E45469E0722}.Release|Any CPU.ActiveCfg = Release|Any CPU
		{531C1E3D-2D9F-41C6-A413-3E45469E0722}.Release|Any CPU.Build.0 = Release|Any CPU
		{44F836BC-BF68-4818-B17C-2618F1C374A4}.Debug|Any CPU.ActiveCfg = Debug|Any CPU
		{44F836BC-BF68-4818-B17C-2618F1C374A4}.Debug|Any CPU.Build.0 = Debug|Any CPU
		{44F836BC-BF68-4818-B17C-2618F1C374A4}.Release|Any CPU.ActiveCfg = Release|Any CPU
		{44F836BC-BF68-4818-B17C-2618F1C374A4}.Release|Any CPU.Build.0 = Release|Any CPU
		{D7DB1D64-086E-4AA4-BCAB-C4ECD744F3AE}.Debug|Any CPU.ActiveCfg = Debug|Any CPU
		{D7DB1D64-086E-4AA4-BCAB-C4ECD744F3AE}.Debug|Any CPU.Build.0 = Debug|Any CPU
		{D7DB1D64-086E-4AA4-BCAB-C4ECD744F3AE}.Release|Any CPU.ActiveCfg = Release|Any CPU
		{D7DB1D64-086E-4AA4-BCAB-C4ECD744F3AE}.Release|Any CPU.Build.0 = Release|Any CPU
		{058FEB94-7EE3-438E-B217-DD4774ECDF30}.Debug|Any CPU.ActiveCfg = Debug|Any CPU
		{058FEB94-7EE3-438E-B217-DD4774ECDF30}.Debug|Any CPU.Build.0 = Debug|Any CPU
		{058FEB94-7EE3-438E-B217-DD4774ECDF30}.Release|Any CPU.ActiveCfg = Release|Any CPU
		{058FEB94-7EE3-438E-B217-DD4774ECDF30}.Release|Any CPU.Build.0 = Release|Any CPU
	EndGlobalSection
	GlobalSection(SolutionProperties) = preSolution
		HideSolutionNode = FALSE
	EndGlobalSection
	GlobalSection(NestedProjects) = preSolution
		{B0CF64B6-7ADF-4CC9-9766-C13D25FC83D7} = {C3B756AC-35ED-45A6-A37B-D18AC07D8DF3}
		{F4214D17-CC50-4AF1-BB4B-BDBDFC76D1BC} = {C3B756AC-35ED-45A6-A37B-D18AC07D8DF3}
		{97CAD2D2-DC2D-457A-A660-CAF03B192C20} = {C3B756AC-35ED-45A6-A37B-D18AC07D8DF3}
		{A6329F18-7D8A-420F-A880-6677C2DF8438} = {FA93C3C8-FFAA-413A-8348-AE8F9F55733E}
		{C50F75A5-B490-46B6-A69C-4098C0F8D5BF} = {FA93C3C8-FFAA-413A-8348-AE8F9F55733E}
		{00F491AE-B64F-4C83-9EB6-283AB3544A2D} = {FA93C3C8-FFAA-413A-8348-AE8F9F55733E}
		{531C1E3D-2D9F-41C6-A413-3E45469E0722} = {FA93C3C8-FFAA-413A-8348-AE8F9F55733E}
		{44F836BC-BF68-4818-B17C-2618F1C374A4} = {FA93C3C8-FFAA-413A-8348-AE8F9F55733E}
		{D7DB1D64-086E-4AA4-BCAB-C4ECD744F3AE} = {FA93C3C8-FFAA-413A-8348-AE8F9F55733E}
		{058FEB94-7EE3-438E-B217-DD4774ECDF30} = {FA93C3C8-FFAA-413A-8348-AE8F9F55733E}
	EndGlobalSection
EndGlobal
